github.com/ahmetson/mushroom v1.0.0 h1:9yxvn/KRepI0jo9NT0ZPtTf9shzPYmN1d31wXJbifJg=
github.com/ahmetson/mushroom v1.0.0/go.mod h1:MjXkhsMWBqK5QhlnzukN9XpqH8bptgEcQUlsocdZ1O8=
github.com/davecgh/go-spew v1.1.1 h1:vj9j/u1bqnvCEfJOwUhtlOARqs3+rkHYY13jYWTU97c=
github.com/davecgh/go-spew v1.1.1/go.mod h1:J7Y8YcW2NihsgmVo/mv3lAwl/skON4iLHjSsI+c5H38=
github.com/noPerfection/datatype v0.1.0 h1:vX0Vc4+jBBBXkdTB0F+XyyUM6eO7FkRaciW8OgXOQ5w=
github.com/noPerfection/datatype v0.1.0/go.mod h1:B1U0zt1tmcVZbN+kU5ytBrY2HfkXowb4nCtTKEz7Tgs=
github.com/noPerfection/protocol/message v0.1.2 h1:6jsAHYdQM/zxAm68PXKUuxANmuTUEO3QpEvqm2JmS/Q=
github.com/noPerfection/protocol/message v0.1.2/go.mod h1:gL8SE0S3lyucOQpNqzzLyEmoj1ta7NO/c7ca1P/tn5s=
github.com/pebbe/zmq4 v1.2.10 h1:wQkqRZ3CZeABIeidr3e8uQZMMH5YAykA/WN0L5zkd1c=
github.com/pebbe/zmq4 v1.2.10/go.mod h1:nqnPueOapVhE2wItZ0uOErngczsJdLOGkebMxaO8r48=
github.com/pmezard/go-difflib v1.0.0 h1:4DBwDE0NGyQoBHbLQYPwSUPoCMWR5BEzIk/f1lZbAQM=
github.com/pmezard/go-difflib v1.0.0/go.mod h1:iKH77koFhYxTK1pcRnkKkqfTogsbg7gZNVY4sRDYZ/4=
github.com/stretchr/testify v1.11.1 h1:7s2iGBzp5EwR7/aIZr8ao5+dra3wiQyKjjFuvgVKu7U=
github.com/stretchr/testify v1.11.1/go.mod h1:wZwfW3scLgRK+23gO65QZefKpKQRnfz6sD981Nm4B6U=
gopkg.in/yaml.v3 v3.0.1 h1:fxVm/GzAzEWqLHuvctI91KS9hhNmmWOoWu0XTYJS7CA=
gopkg.in/yaml.v3 v3.0.1/go.mod h1:K4uyk7z7BCEPqu6E+C64Yfv1cQ7kz7rIZviUmN+EgEM=
